
Microsoft Visual Studio Solution File, Format Version 12.00
# Visual Studio Version 17
VisualStudioVersion = 17.2.32505.173
MinimumVisualStudioVersion = 10.0.40219.1
Project("{8BC9CEB8-8B4A-11D0-8D11-00A0C91BC942}") = "Geometry", "Geometry\Geometry.vcxproj", "{37173C61-A30D-41A2-B07D-4E123FD225C9}"
EndProject
Project("{8BC9CEB8-8B4A-11D0-8D11-00A0C91BC942}") = "Test", "Test\Test.vcxproj", "{9BBA8243-F8BC-42AF-9604-1A1C24B390F4}"
EndProject
Global
	GlobalSection(SolutionConfigurationPlatforms) = preSolution
		Debug|x64 = Debug|x64
		Debug|x86 = Debug|x86
		Release|x64 = Release|x64
		Release|x86 = Release|x86
	EndGlobalSection
	GlobalSection(ProjectConfigurationPlatforms) = postSolution
		{37173C61-A30D-41A2-B07D-4E123FD225C9}.Debug|x64.ActiveCfg = Debug|x64
		{37173C61-A30D-41A2-B07D-4E123FD225C9}.Debug|x64.Build.0 = Debug|x64
		{37173C61-A30D-41A2-B07D-4E123FD225C9}.Debug|x86.ActiveCfg = Debug|Win32
		{37173C61-A30D-41A2-B07D-4E123FD225C9}.Debug|x86.Build.0 = Debug|Win32
		{37173C61-A30D-41A2-B07D-4E123FD225C9}.Release|x64.ActiveCfg = Release|x64
		{37173C61-A30D-41A2-B07D-4E123FD225C9}.Release|x64.Build.0 = Release|x64
		{37173C61-A30D-41A2-B07D-4E123FD225C9}.Release|x86.ActiveCfg = Release|Win32
		{37173C61-A30D-41A2-B07D-4E123FD225C9}.Release|x86.Build.0 = Release|Win32
		{9BBA8243-F8BC-42AF-9604-1A1C24B390F4}.Debug|x64.ActiveCfg = Debug|x64
		{9BBA8243-F8BC-42AF-9604-1A1C24B390F4}.Debug|x64.Build.0 = Debug|x64
		{9BBA8243-F8BC-42AF-9604-1A1C24B390F4}.Debug|x86.ActiveCfg = Debug|Win32
		{9BBA8243-F8BC-42AF-9604-1A1C24B390F4}.Debug|x86.Build.0 = Debug|Win32
		{9BBA8243-F8BC-42AF-9604-1A1C24B390F4}.Release|x64.ActiveCfg = Release|x64
		{9BBA8243-F8BC-42AF-9604-1A1C24B390F4}.Release|x64.Build.0 = Release|x64
		{9BBA8243-F8BC-42AF-9604-1A1C24B390F4}.Release|x86.ActiveCfg = Release|Win32
		{9BBA8243-F8BC-42AF-9604-1A1C24B390F4}.Release|x86.Build.0 = Release|Win32
	EndGlobalSection
	GlobalSection(SolutionProperties) = preSolution
		HideSolutionNode = FALSE
	EndGlobalSection
	GlobalSection(ExtensibilityGlobals) = postSolution
		SolutionGuid = {485849C0-3514-4E54-BCD0-2F9DC96A1795}
	EndGlobalSection
EndGlobal
