<?xml version="1.0" encoding="utf-8"?>
<Project ToolsVersion="4.0" xmlns="http://schemas.microsoft.com/developer/msbuild/2003">
  <ItemGroup>
    <Filter Include="Исходные файлы">
      <UniqueIdentifier>{4FC737F1-C7A5-4376-A066-2A32D752A2FF}</UniqueIdentifier>
      <Extensions>cpp;c;cc;cxx;c++;cppm;ixx;def;odl;idl;hpj;bat;asm;asmx</Extensions>
    </Filter>
    <Filter Include="Исходные файлы\Interface">
      <UniqueIdentifier>{3628cf7e-ebd2-4208-b816-1505e83216ac}</UniqueIdentifier>
    </Filter>
    <Filter Include="Исходные файлы\Shapes">
      <UniqueIdentifier>{99840cc8-f326-4d36-88be-4111c852b398}</UniqueIdentifier>
    </Filter>
  </ItemGroup>
  <ItemGroup>
    <ClCompile Include="Line.cpp">
      <Filter>Исходные файлы</Filter>
    </ClCompile>
    <ClCompile Include="Vector.cpp">
      <Filter>Исходные файлы</Filter>
    </ClCompile>
    <ClCompile Include="Matrix2.cpp">
      <Filter>Исходные файлы</Filter>
    </ClCompile>
    <ClCompile Include="Geometry.def.cpp">
      <Filter>Исходные файлы</Filter>
    </ClCompile>
    <ClCompile Include="IMoveable.cpp">
      <Filter>Исходные файлы\Interface</Filter>
    </ClCompile>
    <ClCompile Include="IRotateable.cpp">
      <Filter>Исходные файлы\Interface</Filter>
    </ClCompile>
    <ClCompile Include="IScaleable.cpp">
      <Filter>Исходные файлы\Interface</Filter>
    </ClCompile>
    <ClCompile Include="Shape.cpp">
      <Filter>Исходные файлы\Interface</Filter>
    </ClCompile>
    <ClCompile Include="ISizeable.cpp">
      <Filter>Исходные файлы\Interface</Filter>
    </ClCompile>
    <ClCompile Include="Rectangle.cpp">
      <Filter>Исходные файлы\Shapes</Filter>
    </ClCompile>
    <ClCompile Include="Circle.cpp">
      <Filter>Исходные файлы\Shapes</Filter>
    </ClCompile>
    <ClCompile Include="Collision.cpp">
      <Filter>Исходные файлы</Filter>
    </ClCompile>
    <ClCompile Include="Sect.cpp">
      <Filter>Исходные файлы\Shapes</Filter>
    </ClCompile>
  </ItemGroup>
  <ItemGroup>
    <ClInclude Include="Line.h">
      <Filter>Исходные файлы</Filter>
    </ClInclude>
    <ClInclude Include="Vector.h">
      <Filter>Исходные файлы</Filter>
    </ClInclude>
    <ClInclude Include="Geometry.def.h">
      <Filter>Исходные файлы</Filter>
    </ClInclude>
    <ClInclude Include="Matrix2.h">
      <Filter>Исходные файлы</Filter>
    </ClInclude>
    <ClInclude Include="IMoveable.h">
      <Filter>Исходные файлы\Interface</Filter>
    </ClInclude>
    <ClInclude Include="IRotateable.h">
      <Filter>Исходные файлы\Interface</Filter>
    </ClInclude>
    <ClInclude Include="IScaleable.h">
      <Filter>Исходные файлы\Interface</Filter>
    </ClInclude>
    <ClInclude Include="Shape.h">
      <Filter>Исходные файлы\Interface</Filter>
    </ClInclude>
    <ClInclude Include="ISizeable.h">
      <Filter>Исходные файлы\Interface</Filter>
    </ClInclude>
    <ClInclude Include="Rectangle.h">
      <Filter>Исходные файлы\Shapes</Filter>
    </ClInclude>
    <ClInclude Include="Circle.h">
      <Filter>Исходные файлы\Shapes</Filter>
    </ClInclude>
    <ClInclude Include="Collision.h">
      <Filter>Исходные файлы\Shapes</Filter>
    </ClInclude>
    <ClInclude Include="Sect.h">
      <Filter>Исходные файлы\Shapes</Filter>
    </ClInclude>
  </ItemGroup>
</Project>